
Microsoft Visual Studio Solution File, Format Version 12.00
# Visual Studio 15
VisualStudioVersion = 15.0.27130.2027
MinimumVisualStudioVersion = 10.0.40219.1
Project("{FAE04EC0-301F-11D3-BF4B-00C04F79EFBC}") = "Casas Red Movil.Android", "Casas Red Movil\Casas Red Movil.Android\Casas Red Movil.Android.csproj", "{FF7E2F6B-87DE-442F-9023-A19A11C86299}"
EndProject
Project("{FAE04EC0-301F-11D3-BF4B-00C04F79EFBC}") = "Casas Red Movil.iOS", "Casas Red Movil\Casas Red Movil.iOS\Casas Red Movil.iOS.csproj", "{A27431F4-5B66-4708-A153-DC54D166CA85}"
EndProject
Project("{FAE04EC0-301F-11D3-BF4B-00C04F79EFBC}") = "Casas Red Movil", "Casas Red Movil\Casas Red Movil\Casas Red Movil.csproj", "{2A3E94AA-C3DB-4785-BC6E-E509978E8A38}"
EndProject
Global
	GlobalSection(SolutionConfigurationPlatforms) = preSolution
		Ad-Hoc|Any CPU = Ad-Hoc|Any CPU
		Ad-Hoc|iPhone = Ad-Hoc|iPhone
		Ad-Hoc|iPhoneSimulator = Ad-Hoc|iPhoneSimulator
		AppStore|Any CPU = AppStore|Any CPU
		AppStore|iPhone = AppStore|iPhone
		AppStore|iPhoneSimulator = AppStore|iPhoneSimulator
		Debug|Any CPU = Debug|Any CPU
		Debug|iPhone = Debug|iPhone
		Debug|iPhoneSimulator = Debug|iPhoneSimulator
		Release|Any CPU = Release|Any CPU
		Release|iPhone = Release|iPhone
		Release|iPhoneSimulator = Release|iPhoneSimulator
	EndGlobalSection
	GlobalSection(ProjectConfigurationPlatforms) = postSolution
		{FF7E2F6B-87DE-442F-9023-A19A11C86299}.Ad-Hoc|Any CPU.ActiveCfg = Release|Any CPU
		{FF7E2F6B-87DE-442F-9023-A19A11C86299}.Ad-Hoc|Any CPU.Build.0 = Release|Any CPU
		{FF7E2F6B-87DE-442F-9023-A19A11C86299}.Ad-Hoc|Any CPU.Deploy.0 = Release|Any CPU
		{FF7E2F6B-87DE-442F-9023-A19A11C86299}.Ad-Hoc|iPhone.ActiveCfg = Release|Any CPU
		{FF7E2F6B-87DE-442F-9023-A19A11C86299}.Ad-Hoc|iPhone.Build.0 = Release|Any CPU
		{FF7E2F6B-87DE-442F-9023-A19A11C86299}.Ad-Hoc|iPhone.Deploy.0 = Release|Any CPU
		{FF7E2F6B-87DE-442F-9023-A19A11C86299}.Ad-Hoc|iPhoneSimulator.ActiveCfg = Release|Any CPU
		{FF7E2F6B-87DE-442F-9023-A19A11C86299}.Ad-Hoc|iPhoneSimulator.Build.0 = Release|Any CPU
		{FF7E2F6B-87DE-442F-9023-A19A11C86299}.Ad-Hoc|iPhoneSimulator.Deploy.0 = Release|Any CPU
		{FF7E2F6B-87DE-442F-9023-A19A11C86299}.AppStore|Any CPU.ActiveCfg = Release|Any CPU
		{FF7E2F6B-87DE-442F-9023-A19A11C86299}.AppStore|Any CPU.Build.0 = Release|Any CPU
		{FF7E2F6B-87DE-442F-9023-A19A11C86299}.AppStore|Any CPU.Deploy.0 = Release|Any CPU
		{FF7E2F6B-87DE-442F-9023-A19A11C86299}.AppStore|iPhone.ActiveCfg = Release|Any CPU
		{FF7E2F6B-87DE-442F-9023-A19A11C86299}.AppStore|iPhone.Build.0 = Release|Any CPU
		{FF7E2F6B-87DE-442F-9023-A19A11C86299}.AppStore|iPhone.Deploy.0 = Release|Any CPU
		{FF7E2F6B-87DE-442F-9023-A19A11C86299}.AppStore|iPhoneSimulator.ActiveCfg = Release|Any CPU
		{FF7E2F6B-87DE-442F-9023-A19A11C86299}.AppStore|iPhoneSimulator.Build.0 = Release|Any CPU
		{FF7E2F6B-87DE-442F-9023-A19A11C86299}.AppStore|iPhoneSimulator.Deploy.0 = Release|Any CPU
		{FF7E2F6B-87DE-442F-9023-A19A11C86299}.Debug|Any CPU.ActiveCfg = Debug|Any CPU
		{FF7E2F6B-87DE-442F-9023-A19A11C86299}.Debug|Any CPU.Build.0 = Debug|Any CPU
		{FF7E2F6B-87DE-442F-9023-A19A11C86299}.Debug|Any CPU.Deploy.0 = Debug|Any CPU
		{FF7E2F6B-87DE-442F-9023-A19A11C86299}.Debug|iPhone.ActiveCfg = Debug|Any CPU
		{FF7E2F6B-87DE-442F-9023-A19A11C86299}.Debug|iPhone.Build.0 = Debug|Any CPU
		{FF7E2F6B-87DE-442F-9023-A19A11C86299}.Debug|iPhone.Deploy.0 = Debug|Any CPU
		{FF7E2F6B-87DE-442F-9023-A19A11C86299}.Debug|iPhoneSimulator.ActiveCfg = Debug|Any CPU
		{FF7E2F6B-87DE-442F-9023-A19A11C86299}.Debug|iPhoneSimulator.Build.0 = Debug|Any CPU
		{FF7E2F6B-87DE-442F-9023-A19A11C86299}.Debug|iPhoneSimulator.Deploy.0 = Debug|Any CPU
		{FF7E2F6B-87DE-442F-9023-A19A11C86299}.Release|Any CPU.ActiveCfg = Release|Any CPU
		{FF7E2F6B-87DE-442F-9023-A19A11C86299}.Release|Any CPU.Build.0 = Release|Any CPU
		{FF7E2F6B-87DE-442F-9023-A19A11C86299}.Release|Any CPU.Deploy.0 = Release|Any CPU
		{FF7E2F6B-87DE-442F-9023-A19A11C86299}.Release|iPhone.ActiveCfg = Release|Any CPU
		{FF7E2F6B-87DE-442F-9023-A19A11C86299}.Release|iPhone.Build.0 = Release|Any CPU
		{FF7E2F6B-87DE-442F-9023-A19A11C86299}.Release|iPhone.Deploy.0 = Release|Any CPU
		{FF7E2F6B-87DE-442F-9023-A19A11C86299}.Release|iPhoneSimulator.ActiveCfg = Release|Any CPU
		{FF7E2F6B-87DE-442F-9023-A19A11C86299}.Release|iPhoneSimulator.Build.0 = Release|Any CPU
		{FF7E2F6B-87DE-442F-9023-A19A11C86299}.Release|iPhoneSimulator.Deploy.0 = Release|Any CPU
		{A27431F4-5B66-4708-A153-DC54D166CA85}.Ad-Hoc|Any CPU.ActiveCfg = Ad-Hoc|iPhone
		{A27431F4-5B66-4708-A153-DC54D166CA85}.Ad-Hoc|iPhone.ActiveCfg = Ad-Hoc|iPhone
		{A27431F4-5B66-4708-A153-DC54D166CA85}.Ad-Hoc|iPhone.Build.0 = Ad-Hoc|iPhone
		{A27431F4-5B66-4708-A153-DC54D166CA85}.Ad-Hoc|iPhoneSimulator.ActiveCfg = Ad-Hoc|iPhoneSimulator
		{A27431F4-5B66-4708-A153-DC54D166CA85}.Ad-Hoc|iPhoneSimulator.Build.0 = Ad-Hoc|iPhoneSimulator
		{A27431F4-5B66-4708-A153-DC54D166CA85}.AppStore|Any CPU.ActiveCfg = AppStore|iPhone
		{A27431F4-5B66-4708-A153-DC54D166CA85}.AppStore|iPhone.ActiveCfg = AppStore|iPhone
		{A27431F4-5B66-4708-A153-DC54D166CA85}.AppStore|iPhone.Build.0 = AppStore|iPhone
		{A27431F4-5B66-4708-A153-DC54D166CA85}.AppStore|iPhoneSimulator.ActiveCfg = AppStore|iPhoneSimulator
		{A27431F4-5B66-4708-A153-DC54D166CA85}.AppStore|iPhoneSimulator.Build.0 = AppStore|iPhoneSimulator
		{A27431F4-5B66-4708-A153-DC54D166CA85}.Debug|Any CPU.ActiveCfg = Debug|iPhone
		{A27431F4-5B66-4708-A153-DC54D166CA85}.Debug|iPhone.ActiveCfg = Debug|iPhone
		{A27431F4-5B66-4708-A153-DC54D166CA85}.Debug|iPhone.Build.0 = Debug|iPhone
		{A27431F4-5B66-4708-A153-DC54D166CA85}.Debug|iPhoneSimulator.ActiveCfg = Debug|iPhoneSimulator
		{A27431F4-5B66-4708-A153-DC54D166CA85}.Debug|iPhoneSimulator.Build.0 = Debug|iPhoneSimulator
		{A27431F4-5B66-4708-A153-DC54D166CA85}.Release|Any CPU.ActiveCfg = Release|iPhone
		{A27431F4-5B66-4708-A153-DC54D166CA85}.Release|iPhone.ActiveCfg = Release|iPhone
		{A27431F4-5B66-4708-A153-DC54D166CA85}.Release|iPhone.Build.0 = Release|iPhone
		{A27431F4-5B66-4708-A153-DC54D166CA85}.Release|iPhoneSimulator.ActiveCfg = Release|iPhoneSimulator
		{A27431F4-5B66-4708-A153-DC54D166CA85}.Release|iPhoneSimulator.Build.0 = Release|iPhoneSimulator
		{2A3E94AA-C3DB-4785-BC6E-E509978E8A38}.Ad-Hoc|Any CPU.ActiveCfg = Debug|Any CPU
		{2A3E94AA-C3DB-4785-BC6E-E509978E8A38}.Ad-Hoc|Any CPU.Build.0 = Debug|Any CPU
		{2A3E94AA-C3DB-4785-BC6E-E509978E8A38}.Ad-Hoc|iPhone.ActiveCfg = Debug|Any CPU
		{2A3E94AA-C3DB-4785-BC6E-E509978E8A38}.Ad-Hoc|iPhone.Build.0 = Debug|Any CPU
		{2A3E94AA-C3DB-4785-BC6E-E509978E8A38}.Ad-Hoc|iPhoneSimulator.ActiveCfg = Debug|Any CPU
		{2A3E94AA-C3DB-4785-BC6E-E509978E8A38}.Ad-Hoc|iPhoneSimulator.Build.0 = Debug|Any CPU
		{2A3E94AA-C3DB-4785-BC6E-E509978E8A38}.AppStore|Any CPU.ActiveCfg = Debug|Any CPU
		{2A3E94AA-C3DB-4785-BC6E-E509978E8A38}.AppStore|Any CPU.Build.0 = Debug|Any CPU
		{2A3E94AA-C3DB-4785-BC6E-E509978E8A38}.AppStore|iPhone.ActiveCfg = Debug|Any CPU
		{2A3E94AA-C3DB-4785-BC6E-E509978E8A38}.AppStore|iPhone.Build.0 = Debug|Any CPU
		{2A3E94AA-C3DB-4785-BC6E-E509978E8A38}.AppStore|iPhoneSimulator.ActiveCfg = Debug|Any CPU
		{2A3E94AA-C3DB-4785-BC6E-E509978E8A38}.AppStore|iPhoneSimulator.Build.0 = Debug|Any CPU
		{2A3E94AA-C3DB-4785-BC6E-E509978E8A38}.Debug|Any CPU.ActiveCfg = Debug|Any CPU
		{2A3E94AA-C3DB-4785-BC6E-E509978E8A38}.Debug|Any CPU.Build.0 = Debug|Any CPU
		{2A3E94AA-C3DB-4785-BC6E-E509978E8A38}.Debug|iPhone.ActiveCfg = Debug|Any CPU
		{2A3E94AA-C3DB-4785-BC6E-E509978E8A38}.Debug|iPhone.Build.0 = Debug|Any CPU
		{2A3E94AA-C3DB-4785-BC6E-E509978E8A38}.Debug|iPhoneSimulator.ActiveCfg = Debug|Any CPU
		{2A3E94AA-C3DB-4785-BC6E-E509978E8A38}.Debug|iPhoneSimulator.Build.0 = Debug|Any CPU
		{2A3E94AA-C3DB-4785-BC6E-E509978E8A38}.Release|Any CPU.ActiveCfg = Release|Any CPU
		{2A3E94AA-C3DB-4785-BC6E-E509978E8A38}.Release|Any CPU.Build.0 = Release|Any CPU
		{2A3E94AA-C3DB-4785-BC6E-E509978E8A38}.Release|iPhone.ActiveCfg = Release|Any CPU
		{2A3E94AA-C3DB-4785-BC6E-E509978E8A38}.Release|iPhone.Build.0 = Release|Any CPU
		{2A3E94AA-C3DB-4785-BC6E-E509978E8A38}.Release|iPhoneSimulator.ActiveCfg = Release|Any CPU
		{2A3E94AA-C3DB-4785-BC6E-E509978E8A38}.Release|iPhoneSimulator.Build.0 = Release|Any CPU
	EndGlobalSection
	GlobalSection(SolutionProperties) = preSolution
		HideSolutionNode = FALSE
	EndGlobalSection
	GlobalSection(ExtensibilityGlobals) = postSolution
		SolutionGuid = {A6F7805F-71B1-4DCF-9E60-D9A3431DD567}
	EndGlobalSection
EndGlobal
